
Microsoft Visual Studio Solution File, Format Version 12.00
# Visual Studio Version 17
VisualStudioVersion = 17.6.33815.320
MinimumVisualStudioVersion = 10.0.40219.1
Project("{FAE04EC0-301F-11D3-BF4B-00C04F79EFBC}") = "Examen1", "Examen1.csproj", "{80AFC8BA-7592-4475-98E1-B642B6B84762}"
EndProject
Global
	GlobalSection(SolutionConfigurationPlatforms) = preSolution
		Debug|Any CPU = Debug|Any CPU
		Release|Any CPU = Release|Any CPU
	EndGlobalSection
	GlobalSection(ProjectConfigurationPlatforms) = postSolution
		{80AFC8BA-7592-4475-98E1-B642B6B84762}.Debug|Any CPU.ActiveCfg = Debug|Any CPU
		{80AFC8BA-7592-4475-98E1-B642B6B84762}.Debug|Any CPU.Build.0 = Debug|Any CPU
		{80AFC8BA-7592-4475-98E1-B642B6B84762}.Release|Any CPU.ActiveCfg = Release|Any CPU
		{80AFC8BA-7592-4475-98E1-B642B6B84762}.Release|Any CPU.Build.0 = Release|Any CPU
	EndGlobalSection
	GlobalSection(SolutionProperties) = preSolution
		HideSolutionNode = FALSE
	EndGlobalSection
	GlobalSection(ExtensibilityGlobals) = postSolution
		SolutionGuid = {E46D1897-A522-4E82-8680-0B5A2345983A}
	EndGlobalSection
EndGlobal
